
Microsoft Visual Studio Solution File, Format Version 12.00
# Visual Studio Version 16
VisualStudioVersion = 16.0.30204.135
MinimumVisualStudioVersion = 10.0.40219.1
Project("{FAE04EC0-301F-11D3-BF4B-00C04F79EFBC}") = "LinkedLists", "LinkedLists.csproj", "{D1AFB9B4-40C4-4BA6-987B-128D342BFA19}"
EndProject
Project("{FAE04EC0-301F-11D3-BF4B-00C04F79EFBC}") = "LinkedListsTest", "..\LinkedListsTest\LinkedListsTest.csproj", "{EC1DCB7A-C83C-431A-A676-2039FBB03859}"
EndProject
Global
	GlobalSection(SolutionConfigurationPlatforms) = preSolution
		Debug|Any CPU = Debug|Any CPU
		Release|Any CPU = Release|Any CPU
	EndGlobalSection
	GlobalSection(ProjectConfigurationPlatforms) = postSolution
		{D1AFB9B4-40C4-4BA6-987B-128D342BFA19}.Debug|Any CPU.ActiveCfg = Debug|Any CPU
		{D1AFB9B4-40C4-4BA6-987B-128D342BFA19}.Debug|Any CPU.Build.0 = Debug|Any CPU
		{D1AFB9B4-40C4-4BA6-987B-128D342BFA19}.Release|Any CPU.ActiveCfg = Release|Any CPU
		{D1AFB9B4-40C4-4BA6-987B-128D342BFA19}.Release|Any CPU.Build.0 = Release|Any CPU
		{EC1DCB7A-C83C-431A-A676-2039FBB03859}.Debug|Any CPU.ActiveCfg = Debug|Any CPU
		{EC1DCB7A-C83C-431A-A676-2039FBB03859}.Debug|Any CPU.Build.0 = Debug|Any CPU
		{EC1DCB7A-C83C-431A-A676-2039FBB03859}.Release|Any CPU.ActiveCfg = Release|Any CPU
		{EC1DCB7A-C83C-431A-A676-2039FBB03859}.Release|Any CPU.Build.0 = Release|Any CPU
	EndGlobalSection
	GlobalSection(SolutionProperties) = preSolution
		HideSolutionNode = FALSE
	EndGlobalSection
	GlobalSection(ExtensibilityGlobals) = postSolution
		SolutionGuid = {5D14BA84-85C1-4988-8FDF-FFCFBC21E68F}
	EndGlobalSection
EndGlobal
