
Microsoft Visual Studio Solution File, Format Version 12.00
# Visual Studio Version 16
VisualStudioVersion = 16.0.30204.135
MinimumVisualStudioVersion = 10.0.40219.1
Project("{FAE04EC0-301F-11D3-BF4B-00C04F79EFBC}") = "GraphsImplementation", "GraphsImplementation\GraphsImplementation.csproj", "{00BAEEFD-7CD1-460F-B955-2F8B8672EEE0}"
EndProject
Project("{FAE04EC0-301F-11D3-BF4B-00C04F79EFBC}") = "XUnitTestProject1", "XUnitTestProject1\XUnitTestProject1.csproj", "{19369CFB-E1A2-4791-BCE3-903D4578F678}"
EndProject
Global
	GlobalSection(SolutionConfigurationPlatforms) = preSolution
		Debug|Any CPU = Debug|Any CPU
		Release|Any CPU = Release|Any CPU
	EndGlobalSection
	GlobalSection(ProjectConfigurationPlatforms) = postSolution
		{00BAEEFD-7CD1-460F-B955-2F8B8672EEE0}.Debug|Any CPU.ActiveCfg = Debug|Any CPU
		{00BAEEFD-7CD1-460F-B955-2F8B8672EEE0}.Debug|Any CPU.Build.0 = Debug|Any CPU
		{00BAEEFD-7CD1-460F-B955-2F8B8672EEE0}.Release|Any CPU.ActiveCfg = Release|Any CPU
		{00BAEEFD-7CD1-460F-B955-2F8B8672EEE0}.Release|Any CPU.Build.0 = Release|Any CPU
		{19369CFB-E1A2-4791-BCE3-903D4578F678}.Debug|Any CPU.ActiveCfg = Debug|Any CPU
		{19369CFB-E1A2-4791-BCE3-903D4578F678}.Debug|Any CPU.Build.0 = Debug|Any CPU
		{19369CFB-E1A2-4791-BCE3-903D4578F678}.Release|Any CPU.ActiveCfg = Release|Any CPU
		{19369CFB-E1A2-4791-BCE3-903D4578F678}.Release|Any CPU.Build.0 = Release|Any CPU
	EndGlobalSection
	GlobalSection(SolutionProperties) = preSolution
		HideSolutionNode = FALSE
	EndGlobalSection
	GlobalSection(ExtensibilityGlobals) = postSolution
		SolutionGuid = {C133DB29-2088-4A9D-85C7-E7EED9260506}
	EndGlobalSection
EndGlobal
