
Microsoft Visual Studio Solution File, Format Version 12.00
# Visual Studio Version 16
VisualStudioVersion = 16.0.30204.135
MinimumVisualStudioVersion = 10.0.40219.1
Project("{9A19103F-16F7-4668-BE54-9A1E7A4F7556}") = "InsertionSort", "InsertionSort\InsertionSort.csproj", "{DBC74C9A-AE27-496E-B074-7264EA65AFAC}"
EndProject
Project("{FAE04EC0-301F-11D3-BF4B-00C04F79EFBC}") = "XUnitTestProject1", "XUnitTestProject1\XUnitTestProject1.csproj", "{8EA264F8-7A8B-400B-BBE0-1F732D751D2A}"
EndProject
Global
	GlobalSection(SolutionConfigurationPlatforms) = preSolution
		Debug|Any CPU = Debug|Any CPU
		Release|Any CPU = Release|Any CPU
	EndGlobalSection
	GlobalSection(ProjectConfigurationPlatforms) = postSolution
		{DBC74C9A-AE27-496E-B074-7264EA65AFAC}.Debug|Any CPU.ActiveCfg = Debug|Any CPU
		{DBC74C9A-AE27-496E-B074-7264EA65AFAC}.Debug|Any CPU.Build.0 = Debug|Any CPU
		{DBC74C9A-AE27-496E-B074-7264EA65AFAC}.Release|Any CPU.ActiveCfg = Release|Any CPU
		{DBC74C9A-AE27-496E-B074-7264EA65AFAC}.Release|Any CPU.Build.0 = Release|Any CPU
		{8EA264F8-7A8B-400B-BBE0-1F732D751D2A}.Debug|Any CPU.ActiveCfg = Debug|Any CPU
		{8EA264F8-7A8B-400B-BBE0-1F732D751D2A}.Debug|Any CPU.Build.0 = Debug|Any CPU
		{8EA264F8-7A8B-400B-BBE0-1F732D751D2A}.Release|Any CPU.ActiveCfg = Release|Any CPU
		{8EA264F8-7A8B-400B-BBE0-1F732D751D2A}.Release|Any CPU.Build.0 = Release|Any CPU
	EndGlobalSection
	GlobalSection(SolutionProperties) = preSolution
		HideSolutionNode = FALSE
	EndGlobalSection
	GlobalSection(ExtensibilityGlobals) = postSolution
		SolutionGuid = {44F551F6-4C6B-46AB-9852-D2E9E3B97F06}
	EndGlobalSection
EndGlobal
